
Microsoft Visual Studio Solution File, Format Version 12.00
# Visual Studio Version 17
VisualStudioVersion = 17.9.34616.47
MinimumVisualStudioVersion = 10.0.40219.1
Project("{FAE04EC0-301F-11D3-BF4B-00C04F79EFBC}") = "LearnMaui5", "LearnMaui5.csproj", "{6CF53321-7273-41CC-8E9A-4A3899791CBC}"
EndProject
Global
	GlobalSection(SolutionConfigurationPlatforms) = preSolution
		Debug|Any CPU = Debug|Any CPU
		Release|Any CPU = Release|Any CPU
	EndGlobalSection
	GlobalSection(ProjectConfigurationPlatforms) = postSolution
		{6CF53321-7273-41CC-8E9A-4A3899791CBC}.Debug|Any CPU.ActiveCfg = Debug|Any CPU
		{6CF53321-7273-41CC-8E9A-4A3899791CBC}.Debug|Any CPU.Build.0 = Debug|Any CPU
		{6CF53321-7273-41CC-8E9A-4A3899791CBC}.Debug|Any CPU.Deploy.0 = Debug|Any CPU
		{6CF53321-7273-41CC-8E9A-4A3899791CBC}.Release|Any CPU.ActiveCfg = Release|Any CPU
		{6CF53321-7273-41CC-8E9A-4A3899791CBC}.Release|Any CPU.Build.0 = Release|Any CPU
		{6CF53321-7273-41CC-8E9A-4A3899791CBC}.Release|Any CPU.Deploy.0 = Release|Any CPU
	EndGlobalSection
	GlobalSection(SolutionProperties) = preSolution
		HideSolutionNode = FALSE
	EndGlobalSection
	GlobalSection(ExtensibilityGlobals) = postSolution
		SolutionGuid = {43339421-CFB4-4892-9945-F0A27DB8E61C}
	EndGlobalSection
EndGlobal
